
Microsoft Visual Studio Solution File, Format Version 11.00
# Visual Studio 2010
Project("{FAE04EC0-301F-11D3-BF4B-00C04F79EFBC}") = "HelloARVideo", "Assembly-CSharp.csproj", "{0A6B7624-D6C5-D86A-4C30-EA7CA3F02917}"
EndProject
Project("{FAE04EC0-301F-11D3-BF4B-00C04F79EFBC}") = "HelloARVideo", "Assembly-CSharp-Editor.csproj", "{D4CC5A82-BDF9-3552-0ED0-9C3B4E070C77}"
EndProject
Global
	GlobalSection(SolutionConfigurationPlatforms) = preSolution
		Debug|Any CPU = Debug|Any CPU
		Release|Any CPU = Release|Any CPU
	EndGlobalSection
	GlobalSection(ProjectConfigurationPlatforms) = postSolution
		{0A6B7624-D6C5-D86A-4C30-EA7CA3F02917}.Debug|Any CPU.ActiveCfg = Debug|Any CPU
		{0A6B7624-D6C5-D86A-4C30-EA7CA3F02917}.Debug|Any CPU.Build.0 = Debug|Any CPU
		{0A6B7624-D6C5-D86A-4C30-EA7CA3F02917}.Release|Any CPU.ActiveCfg = Release|Any CPU
		{0A6B7624-D6C5-D86A-4C30-EA7CA3F02917}.Release|Any CPU.Build.0 = Release|Any CPU
		{D4CC5A82-BDF9-3552-0ED0-9C3B4E070C77}.Debug|Any CPU.ActiveCfg = Debug|Any CPU
		{D4CC5A82-BDF9-3552-0ED0-9C3B4E070C77}.Debug|Any CPU.Build.0 = Debug|Any CPU
		{D4CC5A82-BDF9-3552-0ED0-9C3B4E070C77}.Release|Any CPU.ActiveCfg = Release|Any CPU
		{D4CC5A82-BDF9-3552-0ED0-9C3B4E070C77}.Release|Any CPU.Build.0 = Release|Any CPU
	EndGlobalSection
	GlobalSection(SolutionProperties) = preSolution
		HideSolutionNode = FALSE
	EndGlobalSection
	GlobalSection(MonoDevelopProperties) = preSolution
		StartupItem = Assembly-CSharp.csproj
	EndGlobalSection
EndGlobal
